// !$*UTF8*$!
{
	archiveVersion = 1;
	classes = {
	};
	objectVersion = 56;
	objects = {

/* Begin PBXBuildFile section */
		6B0BBD6029A0F47A00D4B95B /* APIManager.swift in Sources */ = {isa = PBXBuildFile; fileRef = 6B0BBD5F29A0F47A00D4B95B /* APIManager.swift */; };
		6B0BBD6229A1011A00D4B95B /* ProductViewModel.swift in Sources */ = {isa = PBXBuildFile; fileRef = 6B0BBD6129A1011A00D4B95B /* ProductViewModel.swift */; };
		6B0BBD6529A1052C00D4B95B /* ProductListViewController.swift in Sources */ = {isa = PBXBuildFile; fileRef = 6B0BBD6429A1052C00D4B95B /* ProductListViewController.swift */; };
		6B0BBD6829A12C0900D4B95B /* ProductCell.swift in Sources */ = {isa = PBXBuildFile; fileRef = 6B0BBD6629A12C0900D4B95B /* ProductCell.swift */; };
		6B0BBD6929A12C0900D4B95B /* ProductCell.xib in Resources */ = {isa = PBXBuildFile; fileRef = 6B0BBD6729A12C0900D4B95B /* ProductCell.xib */; };
		6B0BBD6C29A1310900D4B95B /* UIImageView + Extension.swift in Sources */ = {isa = PBXBuildFile; fileRef = 6B0BBD6B29A1310900D4B95B /* UIImageView + Extension.swift */; };
		6B0BBD6F29A131EA00D4B95B /* Kingfisher in Frameworks */ = {isa = PBXBuildFile; productRef = 6B0BBD6E29A131EA00D4B95B /* Kingfisher */; };
		6B0BBD7229A13B7A00D4B95B /* IHProgressHUD in Frameworks */ = {isa = PBXBuildFile; productRef = 6B0BBD7129A13B7A00D4B95B /* IHProgressHUD */; };
		6B0BBD7429A13C0100D4B95B /* Loader + Extension.swift in Sources */ = {isa = PBXBuildFile; fileRef = 6B0BBD7329A13C0100D4B95B /* Loader + Extension.swift */; };
		6B0BBD7A29A14D3E00D4B95B /* Reachability in Frameworks */ = {isa = PBXBuildFile; productRef = 6B0BBD7929A14D3E00D4B95B /* Reachability */; };
		6B0BBD7C29A1513700D4B95B /* NetworkManager.swift in Sources */ = {isa = PBXBuildFile; fileRef = 6B0BBD7B29A1513700D4B95B /* NetworkManager.swift */; };
		6B0BBD7E29A1551E00D4B95B /* CheckInternetConnectivity.swift in Sources */ = {isa = PBXBuildFile; fileRef = 6B0BBD7D29A1551E00D4B95B /* CheckInternetConnectivity.swift */; };
		6B0BBD8029A15C9100D4B95B /* UIAlertViewController + Extension.swift in Sources */ = {isa = PBXBuildFile; fileRef = 6B0BBD7F29A15C9100D4B95B /* UIAlertViewController + Extension.swift */; };
		6B3E9038299FF100009C3807 /* AppDelegate.swift in Sources */ = {isa = PBXBuildFile; fileRef = 6B3E9037299FF100009C3807 /* AppDelegate.swift */; };
		6B3E903A299FF100009C3807 /* SceneDelegate.swift in Sources */ = {isa = PBXBuildFile; fileRef = 6B3E9039299FF100009C3807 /* SceneDelegate.swift */; };
		6B3E903F299FF100009C3807 /* Main.storyboard in Resources */ = {isa = PBXBuildFile; fileRef = 6B3E903D299FF100009C3807 /* Main.storyboard */; };
		6B3E9041299FF102009C3807 /* Assets.xcassets in Resources */ = {isa = PBXBuildFile; fileRef = 6B3E9040299FF102009C3807 /* Assets.xcassets */; };
		6B3E9044299FF102009C3807 /* LaunchScreen.storyboard in Resources */ = {isa = PBXBuildFile; fileRef = 6B3E9042299FF102009C3807 /* LaunchScreen.storyboard */; };
		6B3E907829A0EE58009C3807 /* Constant.swift in Sources */ = {isa = PBXBuildFile; fileRef = 6B3E907729A0EE58009C3807 /* Constant.swift */; };
		6B3E907A29A0EF24009C3807 /* EndPointType.swift in Sources */ = {isa = PBXBuildFile; fileRef = 6B3E907929A0EF24009C3807 /* EndPointType.swift */; };
		6B3E907C29A0F143009C3807 /* APIEndPoint.swift in Sources */ = {isa = PBXBuildFile; fileRef = 6B3E907B29A0F143009C3807 /* APIEndPoint.swift */; };
		6B3E908029A0F284009C3807 /* Product.swift in Sources */ = {isa = PBXBuildFile; fileRef = 6B3E907F29A0F284009C3807 /* Product.swift */; };
		6BFFB46F29B2518B005F0FB0 /* MVVMDemoUITests.swift in Sources */ = {isa = PBXBuildFile; fileRef = 6BFFB46E29B2518B005F0FB0 /* MVVMDemoUITests.swift */; };
		6BFFB47129B2518B005F0FB0 /* MVVMDemoUITestsLaunchTests.swift in Sources */ = {isa = PBXBuildFile; fileRef = 6BFFB47029B2518B005F0FB0 /* MVVMDemoUITestsLaunchTests.swift */; };
/* End PBXBuildFile section */

/* Begin PBXContainerItemProxy section */
		6BFFB47229B2518B005F0FB0 /* PBXContainerItemProxy */ = {
			isa = PBXContainerItemProxy;
			containerPortal = 6B3E902C299FF100009C3807 /* Project object */;
			proxyType = 1;
			remoteGlobalIDString = 6B3E9033299FF100009C3807;
			remoteInfo = MVVMDemo;
		};
/* End PBXContainerItemProxy section */

/* Begin PBXFileReference section */
		6B0BBD5F29A0F47A00D4B95B /* APIManager.swift */ = {isa = PBXFileReference; lastKnownFileType = sourcecode.swift; path = APIManager.swift; sourceTree = "<group>"; };
		6B0BBD6129A1011A00D4B95B /* ProductViewModel.swift */ = {isa = PBXFileReference; lastKnownFileType = sourcecode.swift; path = ProductViewModel.swift; sourceTree = "<group>"; };
		6B0BBD6429A1052C00D4B95B /* ProductListViewController.swift */ = {isa = PBXFileReference; lastKnownFileType = sourcecode.swift; path = ProductListViewController.swift; sourceTree = "<group>"; };
		6B0BBD6629A12C0900D4B95B /* ProductCell.swift */ = {isa = PBXFileReference; lastKnownFileType = sourcecode.swift; path = ProductCell.swift; sourceTree = "<group>"; };
		6B0BBD6729A12C0900D4B95B /* ProductCell.xib */ = {isa = PBXFileReference; lastKnownFileType = file.xib; path = ProductCell.xib; sourceTree = "<group>"; };
		6B0BBD6B29A1310900D4B95B /* UIImageView + Extension.swift */ = {isa = PBXFileReference; lastKnownFileType = sourcecode.swift; path = "UIImageView + Extension.swift"; sourceTree = "<group>"; };
		6B0BBD7329A13C0100D4B95B /* Loader + Extension.swift */ = {isa = PBXFileReference; lastKnownFileType = sourcecode.swift; path = "Loader + Extension.swift"; sourceTree = "<group>"; };
		6B0BBD7B29A1513700D4B95B /* NetworkManager.swift */ = {isa = PBXFileReference; lastKnownFileType = sourcecode.swift; path = NetworkManager.swift; sourceTree = "<group>"; };
		6B0BBD7D29A1551E00D4B95B /* CheckInternetConnectivity.swift */ = {isa = PBXFileReference; lastKnownFileType = sourcecode.swift; path = CheckInternetConnectivity.swift; sourceTree = "<group>"; };
		6B0BBD7F29A15C9100D4B95B /* UIAlertViewController + Extension.swift */ = {isa = PBXFileReference; lastKnownFileType = sourcecode.swift; path = "UIAlertViewController + Extension.swift"; sourceTree = "<group>"; };
		6B3E9034299FF100009C3807 /* MVVMDemo.app */ = {isa = PBXFileReference; explicitFileType = wrapper.application; includeInIndex = 0; path = MVVMDemo.app; sourceTree = BUILT_PRODUCTS_DIR; };
		6B3E9037299FF100009C3807 /* AppDelegate.swift */ = {isa = PBXFileReference; lastKnownFileType = sourcecode.swift; path = AppDelegate.swift; sourceTree = "<group>"; };
		6B3E9039299FF100009C3807 /* SceneDelegate.swift */ = {isa = PBXFileReference; lastKnownFileType = sourcecode.swift; path = SceneDelegate.swift; sourceTree = "<group>"; };
		6B3E903E299FF100009C3807 /* Base */ = {isa = PBXFileReference; lastKnownFileType = file.storyboard; name = Base; path = Base.lproj/Main.storyboard; sourceTree = "<group>"; };
		6B3E9040299FF102009C3807 /* Assets.xcassets */ = {isa = PBXFileReference; lastKnownFileType = folder.assetcatalog; path = Assets.xcassets; sourceTree = "<group>"; };
		6B3E9043299FF102009C3807 /* Base */ = {isa = PBXFileReference; lastKnownFileType = file.storyboard; name = Base; path = Base.lproj/LaunchScreen.storyboard; sourceTree = "<group>"; };
		6B3E9045299FF102009C3807 /* Info.plist */ = {isa = PBXFileReference; lastKnownFileType = text.plist.xml; path = Info.plist; sourceTree = "<group>"; };
		6B3E907729A0EE58009C3807 /* Constant.swift */ = {isa = PBXFileReference; lastKnownFileType = sourcecode.swift; path = Constant.swift; sourceTree = "<group>"; };
		6B3E907929A0EF24009C3807 /* EndPointType.swift */ = {isa = PBXFileReference; lastKnownFileType = sourcecode.swift; path = EndPointType.swift; sourceTree = "<group>"; };
		6B3E907B29A0F143009C3807 /* APIEndPoint.swift */ = {isa = PBXFileReference; lastKnownFileType = sourcecode.swift; path = APIEndPoint.swift; sourceTree = "<group>"; };
		6B3E907F29A0F284009C3807 /* Product.swift */ = {isa = PBXFileReference; lastKnownFileType = sourcecode.swift; path = Product.swift; sourceTree = "<group>"; };
		6B52A26529A259A4006AB54B /* ProductAPIResourcesUnitTests.swift */ = {isa = PBXFileReference; lastKnownFileType = sourcecode.swift; path = ProductAPIResourcesUnitTests.swift; sourceTree = "<group>"; };
		6BFFB46C29B2518B005F0FB0 /* MVVMDemoUITests.xctest */ = {isa = PBXFileReference; explicitFileType = wrapper.cfbundle; includeInIndex = 0; path = MVVMDemoUITests.xctest; sourceTree = BUILT_PRODUCTS_DIR; };
		6BFFB46E29B2518B005F0FB0 /* MVVMDemoUITests.swift */ = {isa = PBXFileReference; lastKnownFileType = sourcecode.swift; path = MVVMDemoUITests.swift; sourceTree = "<group>"; };
		6BFFB47029B2518B005F0FB0 /* MVVMDemoUITestsLaunchTests.swift */ = {isa = PBXFileReference; lastKnownFileType = sourcecode.swift; path = MVVMDemoUITestsLaunchTests.swift; sourceTree = "<group>"; };
/* End PBXFileReference section */

/* Begin PBXFrameworksBuildPhase section */
		6B3E9031299FF100009C3807 /* Frameworks */ = {
			isa = PBXFrameworksBuildPhase;
			buildActionMask = 2147483647;
			files = (
				6B0BBD7229A13B7A00D4B95B /* IHProgressHUD in Frameworks */,
				6B0BBD7A29A14D3E00D4B95B /* Reachability in Frameworks */,
				6B0BBD6F29A131EA00D4B95B /* Kingfisher in Frameworks */,
			);
			runOnlyForDeploymentPostprocessing = 0;
		};
		6BFFB46929B2518B005F0FB0 /* Frameworks */ = {
			isa = PBXFrameworksBuildPhase;
			buildActionMask = 2147483647;
			files = (
			);
			runOnlyForDeploymentPostprocessing = 0;
		};
/* End PBXFrameworksBuildPhase section */

/* Begin PBXGroup section */
		6B0BBD6329A1050E00D4B95B /* Controllers */ = {
			isa = PBXGroup;
			children = (
				6B0BBD6429A1052C00D4B95B /* ProductListViewController.swift */,
			);
			path = Controllers;
			sourceTree = "<group>";
		};
		6B3E902B299FF100009C3807 = {
			isa = PBXGroup;
			children = (
				6B3E9036299FF100009C3807 /* MVVMPractiseDemo */,
				6B3E904D299FF102009C3807 /* MVVMPractiseDemoTests */,
				6BFFB46D29B2518B005F0FB0 /* MVVMDemoUITests */,
				6B3E9035299FF100009C3807 /* Products */,
			);
			sourceTree = "<group>";
		};
		6B3E9035299FF100009C3807 /* Products */ = {
			isa = PBXGroup;
			children = (
				6B3E9034299FF100009C3807 /* MVVMDemo.app */,
				6BFFB46C29B2518B005F0FB0 /* MVVMDemoUITests.xctest */,
			);
			name = Products;
			sourceTree = "<group>";
		};
		6B3E9036299FF100009C3807 /* MVVMPractiseDemo */ = {
			isa = PBXGroup;
			children = (
				6B3E907329A0ED51009C3807 /* Application */,
				6B3E907429A0ED67009C3807 /* Constant */,
				6B3E907529A0ED95009C3807 /* Extensions */,
				6B3E907629A0EDA3009C3807 /* Utility */,
				6B3E908129A0F3EB009C3807 /* Helper */,
				6B3E907D29A0F219009C3807 /* Screens */,
				6B3E903D299FF100009C3807 /* Main.storyboard */,
				6B3E9040299FF102009C3807 /* Assets.xcassets */,
				6B3E9042299FF102009C3807 /* LaunchScreen.storyboard */,
				6B3E9045299FF102009C3807 /* Info.plist */,
			);
			path = MVVMPractiseDemo;
			sourceTree = "<group>";
		};
		6B3E904D299FF102009C3807 /* MVVMPractiseDemoTests */ = {
			isa = PBXGroup;
			children = (
				6B52A26529A259A4006AB54B /* ProductAPIResourcesUnitTests.swift */,
			);
			path = MVVMPractiseDemoTests;
			sourceTree = "<group>";
		};
		6B3E9067299FF128009C3807 /* Model */ = {
			isa = PBXGroup;
			children = (
				6B3E907F29A0F284009C3807 /* Product.swift */,
			);
			path = Model;
			sourceTree = "<group>";
		};
		6B3E9068299FF12F009C3807 /* View */ = {
			isa = PBXGroup;
			children = (
				6B0BBD6329A1050E00D4B95B /* Controllers */,
				6B0BBD6629A12C0900D4B95B /* ProductCell.swift */,
				6B0BBD6729A12C0900D4B95B /* ProductCell.xib */,
			);
			path = View;
			sourceTree = "<group>";
		};
		6B3E9069299FF13B009C3807 /* ViewModel */ = {
			isa = PBXGroup;
			children = (
				6B0BBD6129A1011A00D4B95B /* ProductViewModel.swift */,
			);
			path = ViewModel;
			sourceTree = "<group>";
		};
		6B3E907329A0ED51009C3807 /* Application */ = {
			isa = PBXGroup;
			children = (
				6B3E9037299FF100009C3807 /* AppDelegate.swift */,
				6B3E9039299FF100009C3807 /* SceneDelegate.swift */,
			);
			path = Application;
			sourceTree = "<group>";
		};
		6B3E907429A0ED67009C3807 /* Constant */ = {
			isa = PBXGroup;
			children = (
				6B3E907729A0EE58009C3807 /* Constant.swift */,
			);
			path = Constant;
			sourceTree = "<group>";
		};
		6B3E907529A0ED95009C3807 /* Extensions */ = {
			isa = PBXGroup;
			children = (
				6B0BBD6B29A1310900D4B95B /* UIImageView + Extension.swift */,
				6B0BBD7329A13C0100D4B95B /* Loader + Extension.swift */,
				6B0BBD7F29A15C9100D4B95B /* UIAlertViewController + Extension.swift */,
			);
			path = Extensions;
			sourceTree = "<group>";
		};
		6B3E907629A0EDA3009C3807 /* Utility */ = {
			isa = PBXGroup;
			children = (
				6B3E907929A0EF24009C3807 /* EndPointType.swift */,
				6B3E907B29A0F143009C3807 /* APIEndPoint.swift */,
			);
			path = Utility;
			sourceTree = "<group>";
		};
		6B3E907D29A0F219009C3807 /* Screens */ = {
			isa = PBXGroup;
			children = (
				6B3E907E29A0F236009C3807 /* Product */,
			);
			path = Screens;
			sourceTree = "<group>";
		};
		6B3E907E29A0F236009C3807 /* Product */ = {
			isa = PBXGroup;
			children = (
				6B3E9067299FF128009C3807 /* Model */,
				6B3E9068299FF12F009C3807 /* View */,
				6B3E9069299FF13B009C3807 /* ViewModel */,
			);
			path = Product;
			sourceTree = "<group>";
		};
		6B3E908129A0F3EB009C3807 /* Helper */ = {
			isa = PBXGroup;
			children = (
				6B0BBD5F29A0F47A00D4B95B /* APIManager.swift */,
				6B0BBD7B29A1513700D4B95B /* NetworkManager.swift */,
				6B0BBD7D29A1551E00D4B95B /* CheckInternetConnectivity.swift */,
			);
			path = Helper;
			sourceTree = "<group>";
		};
		6BFFB46D29B2518B005F0FB0 /* MVVMDemoUITests */ = {
			isa = PBXGroup;
			children = (
				6BFFB46E29B2518B005F0FB0 /* MVVMDemoUITests.swift */,
				6BFFB47029B2518B005F0FB0 /* MVVMDemoUITestsLaunchTests.swift */,
			);
			path = MVVMDemoUITests;
			sourceTree = "<group>";
		};
/* End PBXGroup section */

/* Begin PBXNativeTarget section */
		6B3E9033299FF100009C3807 /* MVVMDemo */ = {
			isa = PBXNativeTarget;
			buildConfigurationList = 6B3E905E299FF102009C3807 /* Build configuration list for PBXNativeTarget "MVVMDemo" */;
			buildPhases = (
				6B3E9030299FF100009C3807 /* Sources */,
				6B3E9031299FF100009C3807 /* Frameworks */,
				6B3E9032299FF100009C3807 /* Resources */,
			);
			buildRules = (
			);
			dependencies = (
			);
			name = MVVMDemo;
			packageProductDependencies = (
				6B0BBD6E29A131EA00D4B95B /* Kingfisher */,
				6B0BBD7129A13B7A00D4B95B /* IHProgressHUD */,
				6B0BBD7929A14D3E00D4B95B /* Reachability */,
			);
			productName = MVVMPractiseDemo;
			productReference = 6B3E9034299FF100009C3807 /* MVVMDemo.app */;
			productType = "com.apple.product-type.application";
		};
		6BFFB46B29B2518B005F0FB0 /* MVVMDemoUITests */ = {
			isa = PBXNativeTarget;
			buildConfigurationList = 6BFFB47429B2518B005F0FB0 /* Build configuration list for PBXNativeTarget "MVVMDemoUITests" */;
			buildPhases = (
				6BFFB46829B2518B005F0FB0 /* Sources */,
				6BFFB46929B2518B005F0FB0 /* Frameworks */,
				6BFFB46A29B2518B005F0FB0 /* Resources */,
			);
			buildRules = (
			);
			dependencies = (
				6BFFB47329B2518B005F0FB0 /* PBXTargetDependency */,
			);
			name = MVVMDemoUITests;
			productName = MVVMDemoUITests;
			productReference = 6BFFB46C29B2518B005F0FB0 /* MVVMDemoUITests.xctest */;
			productType = "com.apple.product-type.bundle.ui-testing";
		};
/* End PBXNativeTarget section */

/* Begin PBXProject section */
		6B3E902C299FF100009C3807 /* Project object */ = {
			isa = PBXProject;
			attributes = {
				BuildIndependentTargetsInParallel = 1;
				LastSwiftUpdateCheck = 1400;
				LastUpgradeCheck = 1400;
				TargetAttributes = {
					6B3E9033299FF100009C3807 = {
						CreatedOnToolsVersion = 14.0;
					};
					6BFFB46B29B2518B005F0FB0 = {
						CreatedOnToolsVersion = 14.0;
						TestTargetID = 6B3E9033299FF100009C3807;
					};
				};
			};
			buildConfigurationList = 6B3E902F299FF100009C3807 /* Build configuration list for PBXProject "MVVMDemo" */;
			compatibilityVersion = "Xcode 14.0";
			developmentRegion = en;
			hasScannedForEncodings = 0;
			knownRegions = (
				en,
				Base,
			);
			mainGroup = 6B3E902B299FF100009C3807;
			packageReferences = (
				6B0BBD6D29A131EA00D4B95B /* XCRemoteSwiftPackageReference "Kingfisher" */,
				6B0BBD7029A13B7A00D4B95B /* XCRemoteSwiftPackageReference "IHProgressHUD" */,
				6B0BBD7829A14D3E00D4B95B /* XCRemoteSwiftPackageReference "Reachability" */,
			);
			productRefGroup = 6B3E9035299FF100009C3807 /* Products */;
			projectDirPath = "";
			projectRoot = "";
			targets = (
				6B3E9033299FF100009C3807 /* MVVMDemo */,
				6BFFB46B29B2518B005F0FB0 /* MVVMDemoUITests */,
			);
		};
/* End PBXProject section */

/* Begin PBXResourcesBuildPhase section */
		6B3E9032299FF100009C3807 /* Resources */ = {
			isa = PBXResourcesBuildPhase;
			buildActionMask = 2147483647;
			files = (
				6B3E9044299FF102009C3807 /* LaunchScreen.storyboard in Resources */,
				6B0BBD6929A12C0900D4B95B /* ProductCell.xib in Resources */,
				6B3E9041299FF102009C3807 /* Assets.xcassets in Resources */,
				6B3E903F299FF100009C3807 /* Main.storyboard in Resources */,
			);
			runOnlyForDeploymentPostprocessing = 0;
		};
		6BFFB46A29B2518B005F0FB0 /* Resources */ = {
			isa = PBXResourcesBuildPhase;
			buildActionMask = 2147483647;
			files = (
			);
			runOnlyForDeploymentPostprocessing = 0;
		};
/* End PBXResourcesBuildPhase section */

/* Begin PBXSourcesBuildPhase section */
		6B3E9030299FF100009C3807 /* Sources */ = {
			isa = PBXSourcesBuildPhase;
			buildActionMask = 2147483647;
			files = (
				6B3E907A29A0EF24009C3807 /* EndPointType.swift in Sources */,
				6B0BBD6529A1052C00D4B95B /* ProductListViewController.swift in Sources */,
				6B0BBD8029A15C9100D4B95B /* UIAlertViewController + Extension.swift in Sources */,
				6B0BBD6C29A1310900D4B95B /* UIImageView + Extension.swift in Sources */,
				6B3E907C29A0F143009C3807 /* APIEndPoint.swift in Sources */,
				6B3E9038299FF100009C3807 /* AppDelegate.swift in Sources */,
				6B3E903A299FF100009C3807 /* SceneDelegate.swift in Sources */,
				6B0BBD7C29A1513700D4B95B /* NetworkManager.swift in Sources */,
				6B0BBD7429A13C0100D4B95B /* Loader + Extension.swift in Sources */,
				6B3E907829A0EE58009C3807 /* Constant.swift in Sources */,
				6B3E908029A0F284009C3807 /* Product.swift in Sources */,
				6B0BBD6829A12C0900D4B95B /* ProductCell.swift in Sources */,
				6B0BBD6229A1011A00D4B95B /* ProductViewModel.swift in Sources */,
				6B0BBD7E29A1551E00D4B95B /* CheckInternetConnectivity.swift in Sources */,
				6B0BBD6029A0F47A00D4B95B /* APIManager.swift in Sources */,
			);
			runOnlyForDeploymentPostprocessing = 0;
		};
		6BFFB46829B2518B005F0FB0 /* Sources */ = {
			isa = PBXSourcesBuildPhase;
			buildActionMask = 2147483647;
			files = (
				6BFFB47129B2518B005F0FB0 /* MVVMDemoUITestsLaunchTests.swift in Sources */,
				6BFFB46F29B2518B005F0FB0 /* MVVMDemoUITests.swift in Sources */,
			);
			runOnlyForDeploymentPostprocessing = 0;
		};
/* End PBXSourcesBuildPhase section */

/* Begin PBXTargetDependency section */
		6BFFB47329B2518B005F0FB0 /* PBXTargetDependency */ = {
			isa = PBXTargetDependency;
			target = 6B3E9033299FF100009C3807 /* MVVMDemo */;
			targetProxy = 6BFFB47229B2518B005F0FB0 /* PBXContainerItemProxy */;
		};
/* End PBXTargetDependency section */

/* Begin PBXVariantGroup section */
		6B3E903D299FF100009C3807 /* Main.storyboard */ = {
			isa = PBXVariantGroup;
			children = (
				6B3E903E299FF100009C3807 /* Base */,
			);
			name = Main.storyboard;
			sourceTree = "<group>";
		};
		6B3E9042299FF102009C3807 /* LaunchScreen.storyboard */ = {
			isa = PBXVariantGroup;
			children = (
				6B3E9043299FF102009C3807 /* Base */,
			);
			name = LaunchScreen.storyboard;
			sourceTree = "<group>";
		};
/* End PBXVariantGroup section */

/* Begin XCBuildConfiguration section */
		6B3E905C299FF102009C3807 /* Debug */ = {
			isa = XCBuildConfiguration;
			buildSettings = {
				ALWAYS_SEARCH_USER_PATHS = NO;
				CLANG_ANALYZER_NONNULL = YES;
				CLANG_ANALYZER_NUMBER_OBJECT_CONVERSION = YES_AGGRESSIVE;
				CLANG_CXX_LANGUAGE_STANDARD = "gnu++20";
				CLANG_ENABLE_MODULES = YES;
				CLANG_ENABLE_OBJC_ARC = YES;
				CLANG_ENABLE_OBJC_WEAK = YES;
				CLANG_WARN_BLOCK_CAPTURE_AUTORELEASING = YES;
				CLANG_WARN_BOOL_CONVERSION = YES;
				CLANG_WARN_COMMA = YES;
				CLANG_WARN_CONSTANT_CONVERSION = YES;
				CLANG_WARN_DEPRECATED_OBJC_IMPLEMENTATIONS = YES;
				CLANG_WARN_DIRECT_OBJC_ISA_USAGE = YES_ERROR;
				CLANG_WARN_DOCUMENTATION_COMMENTS = YES;
				CLANG_WARN_EMPTY_BODY = YES;
				CLANG_WARN_ENUM_CONVERSION = YES;
				CLANG_WARN_INFINITE_RECURSION = YES;
				CLANG_WARN_INT_CONVERSION = YES;
				CLANG_WARN_NON_LITERAL_NULL_CONVERSION = YES;
				CLANG_WARN_OBJC_IMPLICIT_RETAIN_SELF = YES;
				CLANG_WARN_OBJC_LITERAL_CONVERSION = YES;
				CLANG_WARN_OBJC_ROOT_CLASS = YES_ERROR;
				CLANG_WARN_QUOTED_INCLUDE_IN_FRAMEWORK_HEADER = YES;
				CLANG_WARN_RANGE_LOOP_ANALYSIS = YES;
				CLANG_WARN_STRICT_PROTOTYPES = YES;
				CLANG_WARN_SUSPICIOUS_MOVE = YES;
				CLANG_WARN_UNGUARDED_AVAILABILITY = YES_AGGRESSIVE;
				CLANG_WARN_UNREACHABLE_CODE = YES;
				CLANG_WARN__DUPLICATE_METHOD_MATCH = YES;
				COPY_PHASE_STRIP = NO;
				DEBUG_INFORMATION_FORMAT = dwarf;
				ENABLE_STRICT_OBJC_MSGSEND = YES;
				ENABLE_TESTABILITY = YES;
				GCC_C_LANGUAGE_STANDARD = gnu11;
				GCC_DYNAMIC_NO_PIC = NO;
				GCC_NO_COMMON_BLOCKS = YES;
				GCC_OPTIMIZATION_LEVEL = 0;
				GCC_PREPROCESSOR_DEFINITIONS = (
					"DEBUG=1",
					"$(inherited)",
				);
				GCC_WARN_64_TO_32_BIT_CONVERSION = YES;
				GCC_WARN_ABOUT_RETURN_TYPE = YES_ERROR;
				GCC_WARN_UNDECLARED_SELECTOR = YES;
				GCC_WARN_UNINITIALIZED_AUTOS = YES_AGGRESSIVE;
				GCC_WARN_UNUSED_FUNCTION = YES;
				GCC_WARN_UNUSED_VARIABLE = YES;
				IPHONEOS_DEPLOYMENT_TARGET = 16.0;
				MTL_ENABLE_DEBUG_INFO = INCLUDE_SOURCE;
				MTL_FAST_MATH = YES;
				ONLY_ACTIVE_ARCH = YES;
				SDKROOT = iphoneos;
				SWIFT_ACTIVE_COMPILATION_CONDITIONS = DEBUG;
				SWIFT_OPTIMIZATION_LEVEL = "-Onone";
			};
			name = Debug;
		};
		6B3E905D299FF102009C3807 /* Release */ = {
			isa = XCBuildConfiguration;
			buildSettings = {
				ALWAYS_SEARCH_USER_PATHS = NO;
				CLANG_ANALYZER_NONNULL = YES;
				CLANG_ANALYZER_NUMBER_OBJECT_CONVERSION = YES_AGGRESSIVE;
				CLANG_CXX_LANGUAGE_STANDARD = "gnu++20";
				CLANG_ENABLE_MODULES = YES;
				CLANG_ENABLE_OBJC_ARC = YES;
				CLANG_ENABLE_OBJC_WEAK = YES;
				CLANG_WARN_BLOCK_CAPTURE_AUTORELEASING = YES;
				CLANG_WARN_BOOL_CONVERSION = YES;
				CLANG_WARN_COMMA = YES;
				CLANG_WARN_CONSTANT_CONVERSION = YES;
				CLANG_WARN_DEPRECATED_OBJC_IMPLEMENTATIONS = YES;
				CLANG_WARN_DIRECT_OBJC_ISA_USAGE = YES_ERROR;
				CLANG_WARN_DOCUMENTATION_COMMENTS = YES;
				CLANG_WARN_EMPTY_BODY = YES;
				CLANG_WARN_ENUM_CONVERSION = YES;
				CLANG_WARN_INFINITE_RECURSION = YES;
				CLANG_WARN_INT_CONVERSION = YES;
				CLANG_WARN_NON_LITERAL_NULL_CONVERSION = YES;
				CLANG_WARN_OBJC_IMPLICIT_RETAIN_SELF = YES;
				CLANG_WARN_OBJC_LITERAL_CONVERSION = YES;
				CLANG_WARN_OBJC_ROOT_CLASS = YES_ERROR;
				CLANG_WARN_QUOTED_INCLUDE_IN_FRAMEWORK_HEADER = YES;
				CLANG_WARN_RANGE_LOOP_ANALYSIS = YES;
				CLANG_WARN_STRICT_PROTOTYPES = YES;
				CLANG_WARN_SUSPICIOUS_MOVE = YES;
				CLANG_WARN_UNGUARDED_AVAILABILITY = YES_AGGRESSIVE;
				CLANG_WARN_UNREACHABLE_CODE = YES;
				CLANG_WARN__DUPLICATE_METHOD_MATCH = YES;
				COPY_PHASE_STRIP = NO;
				DEBUG_INFORMATION_FORMAT = "dwarf-with-dsym";
				ENABLE_NS_ASSERTIONS = NO;
				ENABLE_STRICT_OBJC_MSGSEND = YES;
				GCC_C_LANGUAGE_STANDARD = gnu11;
				GCC_NO_COMMON_BLOCKS = YES;
				GCC_WARN_64_TO_32_BIT_CONVERSION = YES;
				GCC_WARN_ABOUT_RETURN_TYPE = YES_ERROR;
				GCC_WARN_UNDECLARED_SELECTOR = YES;
				GCC_WARN_UNINITIALIZED_AUTOS = YES_AGGRESSIVE;
				GCC_WARN_UNUSED_FUNCTION = YES;
				GCC_WARN_UNUSED_VARIABLE = YES;
				IPHONEOS_DEPLOYMENT_TARGET = 16.0;
				MTL_ENABLE_DEBUG_INFO = NO;
				MTL_FAST_MATH = YES;
				SDKROOT = iphoneos;
				SWIFT_COMPILATION_MODE = wholemodule;
				SWIFT_OPTIMIZATION_LEVEL = "-O";
				VALIDATE_PRODUCT = YES;
			};
			name = Release;
		};
		6B3E905F299FF102009C3807 /* Debug */ = {
			isa = XCBuildConfiguration;
			buildSettings = {
				ASSETCATALOG_COMPILER_APPICON_NAME = AppIcon;
				ASSETCATALOG_COMPILER_GLOBAL_ACCENT_COLOR_NAME = AccentColor;
				CODE_SIGN_STYLE = Automatic;
				CURRENT_PROJECT_VERSION = 1;
				GENERATE_INFOPLIST_FILE = YES;
				INFOPLIST_FILE = MVVMPractiseDemo/Info.plist;
				INFOPLIST_KEY_UIApplicationSupportsIndirectInputEvents = YES;
				INFOPLIST_KEY_UILaunchStoryboardName = LaunchScreen;
				INFOPLIST_KEY_UIMainStoryboardFile = Main;
				INFOPLIST_KEY_UISupportedInterfaceOrientations = UIInterfaceOrientationPortrait;
				LD_RUNPATH_SEARCH_PATHS = (
					"$(inherited)",
					"@executable_path/Frameworks",
				);
				MARKETING_VERSION = 1.0;
				PRODUCT_BUNDLE_IDENTIFIER = com.demo.MVVMPractiseDemo;
				PRODUCT_NAME = "$(TARGET_NAME)";
				SWIFT_EMIT_LOC_STRINGS = YES;
				SWIFT_VERSION = 5.0;
				TARGETED_DEVICE_FAMILY = "1,2";
			};
			name = Debug;
		};
		6B3E9060299FF102009C3807 /* Release */ = {
			isa = XCBuildConfiguration;
			buildSettings = {
				ASSETCATALOG_COMPILER_APPICON_NAME = AppIcon;
				ASSETCATALOG_COMPILER_GLOBAL_ACCENT_COLOR_NAME = AccentColor;
				CODE_SIGN_STYLE = Automatic;
				CURRENT_PROJECT_VERSION = 1;
				GENERATE_INFOPLIST_FILE = YES;
				INFOPLIST_FILE = MVVMPractiseDemo/Info.plist;
				INFOPLIST_KEY_UIApplicationSupportsIndirectInputEvents = YES;
				INFOPLIST_KEY_UILaunchStoryboardName = LaunchScreen;
				INFOPLIST_KEY_UIMainStoryboardFile = Main;
				INFOPLIST_KEY_UISupportedInterfaceOrientations = UIInterfaceOrientationPortrait;
				LD_RUNPATH_SEARCH_PATHS = (
					"$(inherited)",
					"@executable_path/Frameworks",
				);
				MARKETING_VERSION = 1.0;
				PRODUCT_BUNDLE_IDENTIFIER = com.demo.MVVMPractiseDemo;
				PRODUCT_NAME = "$(TARGET_NAME)";
				SWIFT_EMIT_LOC_STRINGS = YES;
				SWIFT_VERSION = 5.0;
				TARGETED_DEVICE_FAMILY = "1,2";
			};
			name = Release;
		};
		6BFFB47529B2518B005F0FB0 /* Debug */ = {
			isa = XCBuildConfiguration;
			buildSettings = {
				CODE_SIGN_STYLE = Automatic;
				CURRENT_PROJECT_VERSION = 1;
				GENERATE_INFOPLIST_FILE = YES;
				MARKETING_VERSION = 1.0;
				PRODUCT_BUNDLE_IDENTIFIER = com.demo.MVVMDemoUITests;
				PRODUCT_NAME = "$(TARGET_NAME)";
				SWIFT_EMIT_LOC_STRINGS = NO;
				SWIFT_VERSION = 5.0;
				TARGETED_DEVICE_FAMILY = "1,2";
				TEST_TARGET_NAME = MVVMDemo;
			};
			name = Debug;
		};
		6BFFB47629B2518B005F0FB0 /* Release */ = {
			isa = XCBuildConfiguration;
			buildSettings = {
				CODE_SIGN_STYLE = Automatic;
				CURRENT_PROJECT_VERSION = 1;
				GENERATE_INFOPLIST_FILE = YES;
				MARKETING_VERSION = 1.0;
				PRODUCT_BUNDLE_IDENTIFIER = com.demo.MVVMDemoUITests;
				PRODUCT_NAME = "$(TARGET_NAME)";
				SWIFT_EMIT_LOC_STRINGS = NO;
				SWIFT_VERSION = 5.0;
				TARGETED_DEVICE_FAMILY = "1,2";
				TEST_TARGET_NAME = MVVMDemo;
			};
			name = Release;
		};
/* End XCBuildConfiguration section */

/* Begin XCConfigurationList section */
		6B3E902F299FF100009C3807 /* Build configuration list for PBXProject "MVVMDemo" */ = {
			isa = XCConfigurationList;
			buildConfigurations = (
				6B3E905C299FF102009C3807 /* Debug */,
				6B3E905D299FF102009C3807 /* Release */,
			);
			defaultConfigurationIsVisible = 0;
			defaultConfigurationName = Release;
		};
		6B3E905E299FF102009C3807 /* Build configuration list for PBXNativeTarget "MVVMDemo" */ = {
			isa = XCConfigurationList;
			buildConfigurations = (
				6B3E905F299FF102009C3807 /* Debug */,
				6B3E9060299FF102009C3807 /* Release */,
			);
			defaultConfigurationIsVisible = 0;
			defaultConfigurationName = Release;
		};
		6BFFB47429B2518B005F0FB0 /* Build configuration list for PBXNativeTarget "MVVMDemoUITests" */ = {
			isa = XCConfigurationList;
			buildConfigurations = (
				6BFFB47529B2518B005F0FB0 /* Debug */,
				6BFFB47629B2518B005F0FB0 /* Release */,
			);
			defaultConfigurationIsVisible = 0;
			defaultConfigurationName = Release;
		};
/* End XCConfigurationList section */

/* Begin XCRemoteSwiftPackageReference section */
		6B0BBD6D29A131EA00D4B95B /* XCRemoteSwiftPackageReference "Kingfisher" */ = {
			isa = XCRemoteSwiftPackageReference;
			repositoryURL = "https://github.com/onevcat/Kingfisher";
			requirement = {
				kind = upToNextMajorVersion;
				minimumVersion = 7.0.0;
			};
		};
		6B0BBD7029A13B7A00D4B95B /* XCRemoteSwiftPackageReference "IHProgressHUD" */ = {
			isa = XCRemoteSwiftPackageReference;
			repositoryURL = "https://github.com/Swiftify-Corp/IHProgressHUD.git";
			requirement = {
				kind = upToNextMajorVersion;
				minimumVersion = 0.1.8;
			};
		};
		6B0BBD7829A14D3E00D4B95B /* XCRemoteSwiftPackageReference "Reachability" */ = {
			isa = XCRemoteSwiftPackageReference;
			repositoryURL = "https://github.com/ashleymills/Reachability.swift";
			requirement = {
				branch = master;
				kind = branch;
			};
		};
/* End XCRemoteSwiftPackageReference section */

/* Begin XCSwiftPackageProductDependency section */
		6B0BBD6E29A131EA00D4B95B /* Kingfisher */ = {
			isa = XCSwiftPackageProductDependency;
			package = 6B0BBD6D29A131EA00D4B95B /* XCRemoteSwiftPackageReference "Kingfisher" */;
			productName = Kingfisher;
		};
		6B0BBD7129A13B7A00D4B95B /* IHProgressHUD */ = {
			isa = XCSwiftPackageProductDependency;
			package = 6B0BBD7029A13B7A00D4B95B /* XCRemoteSwiftPackageReference "IHProgressHUD" */;
			productName = IHProgressHUD;
		};
		6B0BBD7929A14D3E00D4B95B /* Reachability */ = {
			isa = XCSwiftPackageProductDependency;
			package = 6B0BBD7829A14D3E00D4B95B /* XCRemoteSwiftPackageReference "Reachability" */;
			productName = Reachability;
		};
/* End XCSwiftPackageProductDependency section */
	};
	rootObject = 6B3E902C299FF100009C3807 /* Project object */;
}
